
Microsoft Visual Studio Solution File, Format Version 12.00
# Visual Studio Version 16
VisualStudioVersion = 16.0.31515.178
MinimumVisualStudioVersion = 10.0.40219.1
Project("{9A19103F-16F7-4668-BE54-9A1E7A4F7556}") = "Store", "Store\Store.csproj", "{E21347B6-A89F-4D89-9F1A-AFC9DB9D7330}"
EndProject
Project("{9A19103F-16F7-4668-BE54-9A1E7A4F7556}") = "Store_Utility", "Store_Utility\Store_Utility.csproj", "{870D9DA1-F4D3-429D-902E-6AD0AA6ABE32}"
EndProject
Project("{9A19103F-16F7-4668-BE54-9A1E7A4F7556}") = "Store_Models", "Store_Models\Store_Models.csproj", "{4E1B337B-4419-472E-A610-33DC976E70B2}"
EndProject
Project("{9A19103F-16F7-4668-BE54-9A1E7A4F7556}") = "Store_DataAccess", "Store_DataAccess\Store_DataAccess.csproj", "{F2BD2F69-9ACF-4B13-8D36-359C5105905B}"
EndProject
Global
	GlobalSection(SolutionConfigurationPlatforms) = preSolution
		Debug|Any CPU = Debug|Any CPU
		Release|Any CPU = Release|Any CPU
	EndGlobalSection
	GlobalSection(ProjectConfigurationPlatforms) = postSolution
		{E21347B6-A89F-4D89-9F1A-AFC9DB9D7330}.Debug|Any CPU.ActiveCfg = Debug|Any CPU
		{E21347B6-A89F-4D89-9F1A-AFC9DB9D7330}.Debug|Any CPU.Build.0 = Debug|Any CPU
		{E21347B6-A89F-4D89-9F1A-AFC9DB9D7330}.Release|Any CPU.ActiveCfg = Release|Any CPU
		{E21347B6-A89F-4D89-9F1A-AFC9DB9D7330}.Release|Any CPU.Build.0 = Release|Any CPU
		{870D9DA1-F4D3-429D-902E-6AD0AA6ABE32}.Debug|Any CPU.ActiveCfg = Debug|Any CPU
		{870D9DA1-F4D3-429D-902E-6AD0AA6ABE32}.Debug|Any CPU.Build.0 = Debug|Any CPU
		{870D9DA1-F4D3-429D-902E-6AD0AA6ABE32}.Release|Any CPU.ActiveCfg = Release|Any CPU
		{870D9DA1-F4D3-429D-902E-6AD0AA6ABE32}.Release|Any CPU.Build.0 = Release|Any CPU
		{4E1B337B-4419-472E-A610-33DC976E70B2}.Debug|Any CPU.ActiveCfg = Debug|Any CPU
		{4E1B337B-4419-472E-A610-33DC976E70B2}.Debug|Any CPU.Build.0 = Debug|Any CPU
		{4E1B337B-4419-472E-A610-33DC976E70B2}.Release|Any CPU.ActiveCfg = Release|Any CPU
		{4E1B337B-4419-472E-A610-33DC976E70B2}.Release|Any CPU.Build.0 = Release|Any CPU
		{F2BD2F69-9ACF-4B13-8D36-359C5105905B}.Debug|Any CPU.ActiveCfg = Debug|Any CPU
		{F2BD2F69-9ACF-4B13-8D36-359C5105905B}.Debug|Any CPU.Build.0 = Debug|Any CPU
		{F2BD2F69-9ACF-4B13-8D36-359C5105905B}.Release|Any CPU.ActiveCfg = Release|Any CPU
		{F2BD2F69-9ACF-4B13-8D36-359C5105905B}.Release|Any CPU.Build.0 = Release|Any CPU
	EndGlobalSection
	GlobalSection(SolutionProperties) = preSolution
		HideSolutionNode = FALSE
	EndGlobalSection
	GlobalSection(ExtensibilityGlobals) = postSolution
		SolutionGuid = {706A990B-7EA9-4536-B810-6F0FFFD6D383}
	EndGlobalSection
EndGlobal
